
Microsoft Visual Studio Solution File, Format Version 12.00
# Visual Studio Version 17
VisualStudioVersion = 17.10.35013.160
MinimumVisualStudioVersion = 10.0.40219.1
Project("{888888A0-9F3D-457C-B088-3A5042F75D52}") = "javascript", "javascript.pyproj", "{5FCA0042-3AEB-48B9-B2FA-3ABB1E46976D}"
EndProject
Global
	GlobalSection(SolutionConfigurationPlatforms) = preSolution
		Debug|Any CPU = Debug|Any CPU
		Release|Any CPU = Release|Any CPU
	EndGlobalSection
	GlobalSection(ProjectConfigurationPlatforms) = postSolution
		{5FCA0042-3AEB-48B9-B2FA-3ABB1E46976D}.Debug|Any CPU.ActiveCfg = Debug|Any CPU
		{5FCA0042-3AEB-48B9-B2FA-3ABB1E46976D}.Release|Any CPU.ActiveCfg = Release|Any CPU
	EndGlobalSection
	GlobalSection(SolutionProperties) = preSolution
		HideSolutionNode = FALSE
	EndGlobalSection
	GlobalSection(ExtensibilityGlobals) = postSolution
		SolutionGuid = {AC826DF5-C265-4048-A4B9-C9DBE4B3BC72}
	EndGlobalSection
EndGlobal
